// !$*UTF8*$!
{
	archiveVersion = 1;
	classes = {
	};
	objectVersion = 45;
	objects = {

/* Begin PBXBuildFile section */
		0213F4560F6046EF004FD223 /* SelectableChannel.h in Headers */ = {isa = PBXBuildFile; fileRef = 025C963C0F5BBA51000E3E9A /* SelectableChannel.h */; };
		0213F4570F6046EF004FD223 /* Socket.h in Headers */ = {isa = PBXBuildFile; fileRef = 0248117D0F4A93BC002F8E3A /* Socket.h */; };
		0213F4580F6046EF004FD223 /* DatagramChannel.h in Headers */ = {isa = PBXBuildFile; fileRef = 024811740F4A8FFC002F8E3A /* DatagramChannel.h */; };
		0213F45A0F6046EF004FD223 /* SteamSocket.h in Headers */ = {isa = PBXBuildFile; fileRef = 02FF23080F45959400EBBF5C /* SteamSocket.h */; };
		0213F45B0F6046EF004FD223 /* RCONSocket.h in Headers */ = {isa = PBXBuildFile; fileRef = 02FF22F00F45954200EBBF5C /* RCONSocket.h */; };
		0213F45C0F6046EF004FD223 /* SourceServer.h in Headers */ = {isa = PBXBuildFile; fileRef = 02FF22ED0F45954200EBBF5C /* SourceServer.h */; };
		0213F45D0F6046EF004FD223 /* GameServer.h in Headers */ = {isa = PBXBuildFile; fileRef = 02FF22EB0F45954200EBBF5C /* GameServer.h */; };
		0213F45E0F6046EF004FD223 /* SteamPacketFactory.h in Headers */ = {isa = PBXBuildFile; fileRef = 02FFC3A90F5FB45B00664334 /* SteamPacketFactory.h */; };
		0213F45F0F6046EF004FD223 /* SteamPacket.h in Headers */ = {isa = PBXBuildFile; fileRef = 02FF22E80F45954200EBBF5C /* SteamPacket.h */; };
		0213F4600F6046EF004FD223 /* RCONAuthRequest.h in Headers */ = {isa = PBXBuildFile; fileRef = 02FF22E00F45954200EBBF5C /* RCONAuthRequest.h */; };
		0213F4610F6046EF004FD223 /* RCONAuthResponse.h in Headers */ = {isa = PBXBuildFile; fileRef = 02FF22E20F45954200EBBF5C /* RCONAuthResponse.h */; };
		0213F4620F6046EF004FD223 /* RCONExecResponse.h in Headers */ = {isa = PBXBuildFile; fileRef = 02FC97560F5C876500D63238 /* RCONExecResponse.h */; };
		0213F4630F6046EF004FD223 /* RCONPacketFactory.h in Headers */ = {isa = PBXBuildFile; fileRef = 024810670F4951F0002F8E3A /* RCONPacketFactory.h */; };
		0213F4640F6046EF004FD223 /* RCONPacket.h in Headers */ = {isa = PBXBuildFile; fileRef = 02FF22E60F45954200EBBF5C /* RCONPacket.h */; };
		0213F4650F6046EF004FD223 /* RCONExecRequest.h in Headers */ = {isa = PBXBuildFile; fileRef = 02FF22E40F45954200EBBF5C /* RCONExecRequest.h */; };
		0213F4660F6046EF004FD223 /* SteamCondenserException.h in Headers */ = {isa = PBXBuildFile; fileRef = 02FC96AC0F5C4C2500D63238 /* SteamCondenserException.h */; };
		0213F4670F6046EF004FD223 /* BufferUnderflowException.h in Headers */ = {isa = PBXBuildFile; fileRef = 0248104D0F494FB9002F8E3A /* BufferUnderflowException.h */; };
		0213F4680F6046EF004FD223 /* TimeoutException.h in Headers */ = {isa = PBXBuildFile; fileRef = 02FF22DB0F45954200EBBF5C /* TimeoutException.h */; };
		0213F4690F6046EF004FD223 /* RCONNoAuthException.h in Headers */ = {isa = PBXBuildFile; fileRef = 02FF22D90F45954200EBBF5C /* RCONNoAuthException.h */; };
		0213F46B0F604712004FD223 /* BufferUnderflowException.m in Sources */ = {isa = PBXBuildFile; fileRef = 0248104E0F494FB9002F8E3A /* BufferUnderflowException.m */; };
		0213F46D0F604714004FD223 /* DatagramChannel.m in Sources */ = {isa = PBXBuildFile; fileRef = 024811750F4A8FFC002F8E3A /* DatagramChannel.m */; };
		0213F46E0F604716004FD223 /* RCONAuthRequest.m in Sources */ = {isa = PBXBuildFile; fileRef = 02FF22E10F45954200EBBF5C /* RCONAuthRequest.m */; };
		0213F46F0F604718004FD223 /* GameServer.m in Sources */ = {isa = PBXBuildFile; fileRef = 02FF22EC0F45954200EBBF5C /* GameServer.m */; };
		0213F4700F604719004FD223 /* RCONAuthResponse.m in Sources */ = {isa = PBXBuildFile; fileRef = 02FF22E30F45954200EBBF5C /* RCONAuthResponse.m */; };
		0213F4710F604719004FD223 /* RCONExecRequest.m in Sources */ = {isa = PBXBuildFile; fileRef = 02FF22E50F45954200EBBF5C /* RCONExecRequest.m */; };
		0213F4720F60471B004FD223 /* RCONNoAuthException.m in Sources */ = {isa = PBXBuildFile; fileRef = 02FF22DA0F45954200EBBF5C /* RCONNoAuthException.m */; };
		0213F4730F60471C004FD223 /* RCONExecResponse.m in Sources */ = {isa = PBXBuildFile; fileRef = 02FC97570F5C876500D63238 /* RCONExecResponse.m */; };
		0213F4740F60471C004FD223 /* RCONPacket.m in Sources */ = {isa = PBXBuildFile; fileRef = 02FF22E70F45954200EBBF5C /* RCONPacket.m */; };
		0213F4750F60471E004FD223 /* RCONPacketFactory.m in Sources */ = {isa = PBXBuildFile; fileRef = 024810680F4951F0002F8E3A /* RCONPacketFactory.m */; };
		0213F4760F604720004FD223 /* RCONSocket.m in Sources */ = {isa = PBXBuildFile; fileRef = 02FF22F10F45954200EBBF5C /* RCONSocket.m */; };
		0213F4770F604721004FD223 /* SelectableChannel.m in Sources */ = {isa = PBXBuildFile; fileRef = 025C963D0F5BBA51000E3E9A /* SelectableChannel.m */; };
		0213F4780F604722004FD223 /* Socket.m in Sources */ = {isa = PBXBuildFile; fileRef = 0248117E0F4A93BC002F8E3A /* Socket.m */; };
		0213F4790F604723004FD223 /* SourceServer.m in Sources */ = {isa = PBXBuildFile; fileRef = 02FF22EE0F45954200EBBF5C /* SourceServer.m */; };
		0213F47A0F604724004FD223 /* SteamPacket.m in Sources */ = {isa = PBXBuildFile; fileRef = 02FF22E90F45954200EBBF5C /* SteamPacket.m */; };
		0213F47B0F604726004FD223 /* SteamCondenserException.m in Sources */ = {isa = PBXBuildFile; fileRef = 02FC96AD0F5C4C2500D63238 /* SteamCondenserException.m */; };
		0213F47C0F604728004FD223 /* SteamSocket.m in Sources */ = {isa = PBXBuildFile; fileRef = 02FF23090F45959400EBBF5C /* SteamSocket.m */; };
		0213F47D0F60472A004FD223 /* TimeoutException.m in Sources */ = {isa = PBXBuildFile; fileRef = 02FF22DC0F45954200EBBF5C /* TimeoutException.m */; };
		0213F47E0F60472B004FD223 /* SteamPacketFactory.m in Sources */ = {isa = PBXBuildFile; fileRef = 02FFC3AA0F5FB45B00664334 /* SteamPacketFactory.m */; };
		02163FB90F7CABDE004BB9D6 /* SenTestingKit.framework in Frameworks */ = {isa = PBXBuildFile; fileRef = 027FE0C20F7BBBCA00735369 /* SenTestingKit.framework */; };
		02163FE60F7CADD7004BB9D6 /* steam-condenser_Prefix.pch in Headers */ = {isa = PBXBuildFile; fileRef = 32BAE0B70371A74B00C91783 /* steam-condenser_Prefix.pch */; };
		02163FE70F7CADF8004BB9D6 /* ByteBuffer.h in Headers */ = {isa = PBXBuildFile; fileRef = 029D7CE20F6458B00089F641 /* ByteBuffer.h */; };
		02163FE80F7CADF8004BB9D6 /* ByteBuffer.m in Sources */ = {isa = PBXBuildFile; fileRef = 029D7CE30F6458B00089F641 /* ByteBuffer.m */; };
		02163FE90F7CADF9004BB9D6 /* DatagramChannel.h in Headers */ = {isa = PBXBuildFile; fileRef = 024811740F4A8FFC002F8E3A /* DatagramChannel.h */; };
		02163FEA0F7CADF9004BB9D6 /* DatagramChannel.m in Sources */ = {isa = PBXBuildFile; fileRef = 024811750F4A8FFC002F8E3A /* DatagramChannel.m */; };
		02163FEB0F7CADFA004BB9D6 /* SelectableChannel.h in Headers */ = {isa = PBXBuildFile; fileRef = 025C963C0F5BBA51000E3E9A /* SelectableChannel.h */; };
		02163FEC0F7CADFA004BB9D6 /* SelectableChannel.m in Sources */ = {isa = PBXBuildFile; fileRef = 025C963D0F5BBA51000E3E9A /* SelectableChannel.m */; };
		02163FED0F7CADFB004BB9D6 /* Socket.h in Headers */ = {isa = PBXBuildFile; fileRef = 0248117D0F4A93BC002F8E3A /* Socket.h */; };
		02163FEE0F7CADFB004BB9D6 /* Socket.m in Sources */ = {isa = PBXBuildFile; fileRef = 0248117E0F4A93BC002F8E3A /* Socket.m */; };
		02163FEF0F7CADFC004BB9D6 /* SocketChannel.h in Headers */ = {isa = PBXBuildFile; fileRef = 0239251F0F633F9C00344E26 /* SocketChannel.h */; };
		02163FF00F7CAE00004BB9D6 /* SocketChannel.m in Sources */ = {isa = PBXBuildFile; fileRef = 023925140F633F3E00344E26 /* SocketChannel.m */; };
		02163FF10F7CAE00004BB9D6 /* TCPSocket.h in Headers */ = {isa = PBXBuildFile; fileRef = 023925150F633F3E00344E26 /* TCPSocket.h */; };
		02163FF20F7CAE01004BB9D6 /* TCPSocket.m in Sources */ = {isa = PBXBuildFile; fileRef = 023925160F633F3E00344E26 /* TCPSocket.m */; };
		02163FF30F7CAE02004BB9D6 /* steam-condenser_Prefix.pch in Headers */ = {isa = PBXBuildFile; fileRef = 32BAE0B70371A74B00C91783 /* steam-condenser_Prefix.pch */; };
		02163FF40F7CAE06004BB9D6 /* BufferUnderflowException.h in Headers */ = {isa = PBXBuildFile; fileRef = 0248104D0F494FB9002F8E3A /* BufferUnderflowException.h */; };
		02163FF50F7CAE07004BB9D6 /* BufferUnderflowException.m in Sources */ = {isa = PBXBuildFile; fileRef = 0248104E0F494FB9002F8E3A /* BufferUnderflowException.m */; };
		02163FF60F7CAE07004BB9D6 /* RCONNoAuthException.h in Headers */ = {isa = PBXBuildFile; fileRef = 02FF22D90F45954200EBBF5C /* RCONNoAuthException.h */; };
		02163FF70F7CAE08004BB9D6 /* RCONNoAuthException.m in Sources */ = {isa = PBXBuildFile; fileRef = 02FF22DA0F45954200EBBF5C /* RCONNoAuthException.m */; };
		02163FF80F7CAE08004BB9D6 /* TimeoutException.h in Headers */ = {isa = PBXBuildFile; fileRef = 02FF22DB0F45954200EBBF5C /* TimeoutException.h */; };
		02163FF90F7CAE09004BB9D6 /* TimeoutException.m in Sources */ = {isa = PBXBuildFile; fileRef = 02FF22DC0F45954200EBBF5C /* TimeoutException.m */; };
		02163FFA0F7CAE09004BB9D6 /* SteamCondenserException.h in Headers */ = {isa = PBXBuildFile; fileRef = 02FC96AC0F5C4C2500D63238 /* SteamCondenserException.h */; };
		02163FFC0F7CAE0D004BB9D6 /* PacketFormatException.h in Headers */ = {isa = PBXBuildFile; fileRef = 0239246F0F63264D00344E26 /* PacketFormatException.h */; };
		02163FFE0F7CAE0F004BB9D6 /* SteamCondenserException.m in Sources */ = {isa = PBXBuildFile; fileRef = 02FC96AD0F5C4C2500D63238 /* SteamCondenserException.m */; };
		02163FFF0F7CAE10004BB9D6 /* PacketFormatException.m in Sources */ = {isa = PBXBuildFile; fileRef = 023924700F63264D00344E26 /* PacketFormatException.m */; };
		021640000F7CAE19004BB9D6 /* SteamPacket.h in Headers */ = {isa = PBXBuildFile; fileRef = 02FF22E80F45954200EBBF5C /* SteamPacket.h */; };
		021640010F7CAE1A004BB9D6 /* SteamPacket.m in Sources */ = {isa = PBXBuildFile; fileRef = 02FF22E90F45954200EBBF5C /* SteamPacket.m */; };
		021640020F7CAE1A004BB9D6 /* SteamPacketFactory.h in Headers */ = {isa = PBXBuildFile; fileRef = 02FFC3A90F5FB45B00664334 /* SteamPacketFactory.h */; };
		021640030F7CAE1B004BB9D6 /* SteamPacketFactory.m in Sources */ = {isa = PBXBuildFile; fileRef = 02FFC3AA0F5FB45B00664334 /* SteamPacketFactory.m */; };
		021640040F7CAE1D004BB9D6 /* RCONAuthRequest.h in Headers */ = {isa = PBXBuildFile; fileRef = 02FF22E00F45954200EBBF5C /* RCONAuthRequest.h */; };
		021640050F7CAE1E004BB9D6 /* RCONAuthRequest.m in Sources */ = {isa = PBXBuildFile; fileRef = 02FF22E10F45954200EBBF5C /* RCONAuthRequest.m */; };
		021640060F7CAE1E004BB9D6 /* RCONAuthResponse.h in Headers */ = {isa = PBXBuildFile; fileRef = 02FF22E20F45954200EBBF5C /* RCONAuthResponse.h */; };
		021640070F7CAE1F004BB9D6 /* RCONAuthResponse.m in Sources */ = {isa = PBXBuildFile; fileRef = 02FF22E30F45954200EBBF5C /* RCONAuthResponse.m */; };
		021640080F7CAE1F004BB9D6 /* RCONExecRequest.h in Headers */ = {isa = PBXBuildFile; fileRef = 02FF22E40F45954200EBBF5C /* RCONExecRequest.h */; };
		021640090F7CAE20004BB9D6 /* RCONExecRequest.m in Sources */ = {isa = PBXBuildFile; fileRef = 02FF22E50F45954200EBBF5C /* RCONExecRequest.m */; };
		0216400A0F7CAE20004BB9D6 /* RCONExecResponse.h in Headers */ = {isa = PBXBuildFile; fileRef = 02FC97560F5C876500D63238 /* RCONExecResponse.h */; };
		0216400B0F7CAE21004BB9D6 /* RCONExecResponse.m in Sources */ = {isa = PBXBuildFile; fileRef = 02FC97570F5C876500D63238 /* RCONExecResponse.m */; };
		0216400C0F7CAE21004BB9D6 /* RCONPacket.h in Headers */ = {isa = PBXBuildFile; fileRef = 02FF22E60F45954200EBBF5C /* RCONPacket.h */; };
		0216400D0F7CAE22004BB9D6 /* RCONPacket.m in Sources */ = {isa = PBXBuildFile; fileRef = 02FF22E70F45954200EBBF5C /* RCONPacket.m */; };
		0216400E0F7CAE22004BB9D6 /* RCONPacketFactory.h in Headers */ = {isa = PBXBuildFile; fileRef = 024810670F4951F0002F8E3A /* RCONPacketFactory.h */; };
		0216400F0F7CAE23004BB9D6 /* RCONPacketFactory.m in Sources */ = {isa = PBXBuildFile; fileRef = 024810680F4951F0002F8E3A /* RCONPacketFactory.m */; };
		021640100F7CAE28004BB9D6 /* GameServer.h in Headers */ = {isa = PBXBuildFile; fileRef = 02FF22EB0F45954200EBBF5C /* GameServer.h */; };
		021640110F7CAE29004BB9D6 /* GameServer.m in Sources */ = {isa = PBXBuildFile; fileRef = 02FF22EC0F45954200EBBF5C /* GameServer.m */; };
		021640120F7CAE29004BB9D6 /* SourceServer.h in Headers */ = {isa = PBXBuildFile; fileRef = 02FF22ED0F45954200EBBF5C /* SourceServer.h */; };
		021640130F7CAE2A004BB9D6 /* SourceServer.m in Sources */ = {isa = PBXBuildFile; fileRef = 02FF22EE0F45954200EBBF5C /* SourceServer.m */; };
		021640140F7CAE2C004BB9D6 /* RCONSocket.h in Headers */ = {isa = PBXBuildFile; fileRef = 02FF22F00F45954200EBBF5C /* RCONSocket.h */; };
		021640150F7CAE2D004BB9D6 /* RCONSocket.m in Sources */ = {isa = PBXBuildFile; fileRef = 02FF22F10F45954200EBBF5C /* RCONSocket.m */; };
		021640160F7CAE2E004BB9D6 /* SteamSocket.h in Headers */ = {isa = PBXBuildFile; fileRef = 02FF23080F45959400EBBF5C /* SteamSocket.h */; };
		021640170F7CAE2E004BB9D6 /* SteamSocket.m in Sources */ = {isa = PBXBuildFile; fileRef = 02FF23090F45959400EBBF5C /* SteamSocket.m */; };
		023925170F633F3E00344E26 /* SocketChannel.m in Sources */ = {isa = PBXBuildFile; fileRef = 023925140F633F3E00344E26 /* SocketChannel.m */; };
		023925180F633F3E00344E26 /* TCPSocket.h in Headers */ = {isa = PBXBuildFile; fileRef = 023925150F633F3E00344E26 /* TCPSocket.h */; };
		023925190F633F3E00344E26 /* TCPSocket.m in Sources */ = {isa = PBXBuildFile; fileRef = 023925160F633F3E00344E26 /* TCPSocket.m */; };
		023925200F633F9C00344E26 /* SocketChannel.h in Headers */ = {isa = PBXBuildFile; fileRef = 0239251F0F633F9C00344E26 /* SocketChannel.h */; };
		023926C50F6410C900344E26 /* PacketFormatException.m in Sources */ = {isa = PBXBuildFile; fileRef = 023924700F63264D00344E26 /* PacketFormatException.m */; };
		023926C60F6410DD00344E26 /* PacketFormatException.h in Headers */ = {isa = PBXBuildFile; fileRef = 0239246F0F63264D00344E26 /* PacketFormatException.h */; };
		027FE0BC0F7BBB6600735369 /* main.m in Sources */ = {isa = PBXBuildFile; fileRef = 02ACA9FF0F7AF9EB00E7ED2A /* main.m */; };
		027FE19B0F7BC09700735369 /* libsteamcondenser.a in Frameworks */ = {isa = PBXBuildFile; fileRef = 0213F4510F6046D4004FD223 /* libsteamcondenser.a */; };
		027FE19E0F7BC0BD00735369 /* Foundation.framework in Frameworks */ = {isa = PBXBuildFile; fileRef = 027FDE520F7AFCFE00735369 /* Foundation.framework */; };
		027FE1C00F7BC26800735369 /* RCONTests.m in Sources */ = {isa = PBXBuildFile; fileRef = 023923B60F63158A00344E26 /* RCONTests.m */; };
		029D7CE40F6458B00089F641 /* ByteBuffer.h in Headers */ = {isa = PBXBuildFile; fileRef = 029D7CE20F6458B00089F641 /* ByteBuffer.h */; };
		029D7CE50F6458B00089F641 /* ByteBuffer.m in Sources */ = {isa = PBXBuildFile; fileRef = 029D7CE30F6458B00089F641 /* ByteBuffer.m */; };
		02B93BBC0F8216D3009F44B1 /* libsteamcondenser.a in Resources */ = {isa = PBXBuildFile; fileRef = 0213F4510F6046D4004FD223 /* libsteamcondenser.a */; };
		02B93BC70F821700009F44B1 /* ByteBuffer.h in Headers */ = {isa = PBXBuildFile; fileRef = 029D7CE20F6458B00089F641 /* ByteBuffer.h */; settings = {ATTRIBUTES = (Public, ); }; };
		02B93BC90F82172C009F44B1 /* DatagramChannel.h in Headers */ = {isa = PBXBuildFile; fileRef = 024811740F4A8FFC002F8E3A /* DatagramChannel.h */; settings = {ATTRIBUTES = (Public, ); }; };
		02B93BCA0F82172F009F44B1 /* SelectableChannel.h in Headers */ = {isa = PBXBuildFile; fileRef = 025C963C0F5BBA51000E3E9A /* SelectableChannel.h */; settings = {ATTRIBUTES = (Public, ); }; };
		02B93BCB0F821731009F44B1 /* Socket.h in Headers */ = {isa = PBXBuildFile; fileRef = 0248117D0F4A93BC002F8E3A /* Socket.h */; settings = {ATTRIBUTES = (Public, ); }; };
		02B93BCC0F821732009F44B1 /* SocketChannel.h in Headers */ = {isa = PBXBuildFile; fileRef = 0239251F0F633F9C00344E26 /* SocketChannel.h */; settings = {ATTRIBUTES = (Public, ); }; };
		02B93BCD0F821733009F44B1 /* TCPSocket.h in Headers */ = {isa = PBXBuildFile; fileRef = 023925150F633F3E00344E26 /* TCPSocket.h */; settings = {ATTRIBUTES = (Public, ); }; };
		02B93BCE0F821737009F44B1 /* BufferUnderflowException.h in Headers */ = {isa = PBXBuildFile; fileRef = 0248104D0F494FB9002F8E3A /* BufferUnderflowException.h */; settings = {ATTRIBUTES = (Public, ); }; };
		02B93BCF0F821738009F44B1 /* RCONNoAuthException.h in Headers */ = {isa = PBXBuildFile; fileRef = 02FF22D90F45954200EBBF5C /* RCONNoAuthException.h */; settings = {ATTRIBUTES = (Public, ); }; };
		02B93BD00F821738009F44B1 /* TimeoutException.h in Headers */ = {isa = PBXBuildFile; fileRef = 02FF22DB0F45954200EBBF5C /* TimeoutException.h */; settings = {ATTRIBUTES = (Public, ); }; };
		02B93BD10F821739009F44B1 /* SteamCondenserException.h in Headers */ = {isa = PBXBuildFile; fileRef = 02FC96AC0F5C4C2500D63238 /* SteamCondenserException.h */; settings = {ATTRIBUTES = (Public, ); }; };
		02B93BD30F82173B009F44B1 /* PacketFormatException.h in Headers */ = {isa = PBXBuildFile; fileRef = 0239246F0F63264D00344E26 /* PacketFormatException.h */; settings = {ATTRIBUTES = (Public, ); }; };
		02B93BD40F82173F009F44B1 /* SteamPacket.h in Headers */ = {isa = PBXBuildFile; fileRef = 02FF22E80F45954200EBBF5C /* SteamPacket.h */; settings = {ATTRIBUTES = (Public, ); }; };
		02B93BD50F821740009F44B1 /* SteamPacketFactory.h in Headers */ = {isa = PBXBuildFile; fileRef = 02FFC3A90F5FB45B00664334 /* SteamPacketFactory.h */; settings = {ATTRIBUTES = (Public, ); }; };
		02B93BD60F821742009F44B1 /* RCONAuthRequest.h in Headers */ = {isa = PBXBuildFile; fileRef = 02FF22E00F45954200EBBF5C /* RCONAuthRequest.h */; settings = {ATTRIBUTES = (Public, ); }; };
		02B93BD70F821743009F44B1 /* RCONAuthResponse.h in Headers */ = {isa = PBXBuildFile; fileRef = 02FF22E20F45954200EBBF5C /* RCONAuthResponse.h */; settings = {ATTRIBUTES = (Public, ); }; };
		02B93BD80F821743009F44B1 /* RCONExecRequest.h in Headers */ = {isa = PBXBuildFile; fileRef = 02FF22E40F45954200EBBF5C /* RCONExecRequest.h */; settings = {ATTRIBUTES = (Public, ); }; };
		02B93BD90F821744009F44B1 /* RCONExecResponse.h in Headers */ = {isa = PBXBuildFile; fileRef = 02FC97560F5C876500D63238 /* RCONExecResponse.h */; settings = {ATTRIBUTES = (Public, ); }; };
		02B93BDA0F821745009F44B1 /* RCONPacket.h in Headers */ = {isa = PBXBuildFile; fileRef = 02FF22E60F45954200EBBF5C /* RCONPacket.h */; settings = {ATTRIBUTES = (Public, ); }; };
		02B93BDB0F821746009F44B1 /* RCONPacketFactory.h in Headers */ = {isa = PBXBuildFile; fileRef = 024810670F4951F0002F8E3A /* RCONPacketFactory.h */; settings = {ATTRIBUTES = (Public, ); }; };
		02B93BDC0F82174A009F44B1 /* GameServer.h in Headers */ = {isa = PBXBuildFile; fileRef = 02FF22EB0F45954200EBBF5C /* GameServer.h */; settings = {ATTRIBUTES = (Public, ); }; };
		02B93BDF0F82174D009F44B1 /* SourceServer.h in Headers */ = {isa = PBXBuildFile; fileRef = 02FF22ED0F45954200EBBF5C /* SourceServer.h */; settings = {ATTRIBUTES = (Public, ); }; };
		02B93BE00F821752009F44B1 /* RCONSocket.h in Headers */ = {isa = PBXBuildFile; fileRef = 02FF22F00F45954200EBBF5C /* RCONSocket.h */; settings = {ATTRIBUTES = (Public, ); }; };
		02B93BE10F821752009F44B1 /* SteamSocket.h in Headers */ = {isa = PBXBuildFile; fileRef = 02FF23080F45959400EBBF5C /* SteamSocket.h */; settings = {ATTRIBUTES = (Public, ); }; };
		02B93C420F821B7A009F44B1 /* steam-condenser_Prefix.pch in Headers */ = {isa = PBXBuildFile; fileRef = 32BAE0B70371A74B00C91783 /* steam-condenser_Prefix.pch */; };
/* End PBXBuildFile section */

/* Begin PBXContainerItemProxy section */
		027FE0CD0F7BBC4F00735369 /* PBXContainerItemProxy */ = {
			isa = PBXContainerItemProxy;
			containerPortal = 0867D690FE84028FC02AAC07 /* Project object */;
			proxyType = 1;
			remoteGlobalIDString = 0213F4500F6046D4004FD223;
			remoteInfo = steamcondenser;
		};
		02B93BB90F8216C1009F44B1 /* PBXContainerItemProxy */ = {
			isa = PBXContainerItemProxy;
			containerPortal = 0867D690FE84028FC02AAC07 /* Project object */;
			proxyType = 1;
			remoteGlobalIDString = 0213F4500F6046D4004FD223;
			remoteInfo = libsteamcondenser;
		};
/* End PBXContainerItemProxy section */

/* Begin PBXFileReference section */
		0213F4510F6046D4004FD223 /* libsteamcondenser.a */ = {isa = PBXFileReference; explicitFileType = archive.ar; includeInIndex = 0; path = libsteamcondenser.a; sourceTree = BUILT_PRODUCTS_DIR; };
		02163FE30F7CADC3004BB9D6 /* steamcondenser.dylib */ = {isa = PBXFileReference; explicitFileType = "compiled.mach-o.dylib"; includeInIndex = 0; path = steamcondenser.dylib; sourceTree = BUILT_PRODUCTS_DIR; };
		023923B50F63158A00344E26 /* RCONTests.h */ = {isa = PBXFileReference; fileEncoding = 4; lastKnownFileType = sourcecode.c.h; path = RCONTests.h; sourceTree = "<group>"; };
		023923B60F63158A00344E26 /* RCONTests.m */ = {isa = PBXFileReference; fileEncoding = 4; lastKnownFileType = sourcecode.c.objc; path = RCONTests.m; sourceTree = "<group>"; };
		0239246F0F63264D00344E26 /* PacketFormatException.h */ = {isa = PBXFileReference; fileEncoding = 4; lastKnownFileType = sourcecode.c.h; path = PacketFormatException.h; sourceTree = "<group>"; };
		023924700F63264D00344E26 /* PacketFormatException.m */ = {isa = PBXFileReference; fileEncoding = 4; lastKnownFileType = sourcecode.c.objc; path = PacketFormatException.m; sourceTree = "<group>"; };
		023925140F633F3E00344E26 /* SocketChannel.m */ = {isa = PBXFileReference; fileEncoding = 4; lastKnownFileType = sourcecode.c.objc; path = SocketChannel.m; sourceTree = "<group>"; };
		023925150F633F3E00344E26 /* TCPSocket.h */ = {isa = PBXFileReference; fileEncoding = 4; lastKnownFileType = sourcecode.c.h; path = TCPSocket.h; sourceTree = "<group>"; };
		023925160F633F3E00344E26 /* TCPSocket.m */ = {isa = PBXFileReference; fileEncoding = 4; lastKnownFileType = sourcecode.c.objc; path = TCPSocket.m; sourceTree = "<group>"; };
		0239251F0F633F9C00344E26 /* SocketChannel.h */ = {isa = PBXFileReference; fileEncoding = 4; lastKnownFileType = sourcecode.c.h; path = SocketChannel.h; sourceTree = "<group>"; };
		0248104D0F494FB9002F8E3A /* BufferUnderflowException.h */ = {isa = PBXFileReference; fileEncoding = 4; lastKnownFileType = sourcecode.c.h; path = BufferUnderflowException.h; sourceTree = "<group>"; };
		0248104E0F494FB9002F8E3A /* BufferUnderflowException.m */ = {isa = PBXFileReference; fileEncoding = 4; lastKnownFileType = sourcecode.c.objc; path = BufferUnderflowException.m; sourceTree = "<group>"; };
		024810670F4951F0002F8E3A /* RCONPacketFactory.h */ = {isa = PBXFileReference; fileEncoding = 4; lastKnownFileType = sourcecode.c.h; path = RCONPacketFactory.h; sourceTree = "<group>"; };
		024810680F4951F0002F8E3A /* RCONPacketFactory.m */ = {isa = PBXFileReference; fileEncoding = 4; lastKnownFileType = sourcecode.c.objc; path = RCONPacketFactory.m; sourceTree = "<group>"; };
		024811740F4A8FFC002F8E3A /* DatagramChannel.h */ = {isa = PBXFileReference; fileEncoding = 4; lastKnownFileType = sourcecode.c.h; path = DatagramChannel.h; sourceTree = "<group>"; };
		024811750F4A8FFC002F8E3A /* DatagramChannel.m */ = {isa = PBXFileReference; fileEncoding = 4; lastKnownFileType = sourcecode.c.objc; path = DatagramChannel.m; sourceTree = "<group>"; };
		0248117D0F4A93BC002F8E3A /* Socket.h */ = {isa = PBXFileReference; fileEncoding = 4; lastKnownFileType = sourcecode.c.h; path = Socket.h; sourceTree = "<group>"; };
		0248117E0F4A93BC002F8E3A /* Socket.m */ = {isa = PBXFileReference; fileEncoding = 4; lastKnownFileType = sourcecode.c.objc; path = Socket.m; sourceTree = "<group>"; };
		025C963C0F5BBA51000E3E9A /* SelectableChannel.h */ = {isa = PBXFileReference; fileEncoding = 4; lastKnownFileType = sourcecode.c.h; path = SelectableChannel.h; sourceTree = "<group>"; };
		025C963D0F5BBA51000E3E9A /* SelectableChannel.m */ = {isa = PBXFileReference; fileEncoding = 4; lastKnownFileType = sourcecode.c.objc; path = SelectableChannel.m; sourceTree = "<group>"; };
		027FDE520F7AFCFE00735369 /* Foundation.framework */ = {isa = PBXFileReference; lastKnownFileType = wrapper.framework; name = Foundation.framework; path = System/Library/Frameworks/Foundation.framework; sourceTree = SDKROOT; };
		027FE0B60F7BBB5300735369 /* Tests */ = {isa = PBXFileReference; explicitFileType = "compiled.mach-o.executable"; includeInIndex = 0; path = Tests; sourceTree = BUILT_PRODUCTS_DIR; };
		027FE0C20F7BBBCA00735369 /* SenTestingKit.framework */ = {isa = PBXFileReference; lastKnownFileType = wrapper.framework; name = SenTestingKit.framework; path = Library/Frameworks/SenTestingKit.framework; sourceTree = DEVELOPER_DIR; };
		029D7CE20F6458B00089F641 /* ByteBuffer.h */ = {isa = PBXFileReference; fileEncoding = 4; lastKnownFileType = sourcecode.c.h; path = ByteBuffer.h; sourceTree = "<group>"; };
		029D7CE30F6458B00089F641 /* ByteBuffer.m */ = {isa = PBXFileReference; fileEncoding = 4; lastKnownFileType = sourcecode.c.objc; path = ByteBuffer.m; sourceTree = "<group>"; };
		02ACA9FF0F7AF9EB00E7ED2A /* main.m */ = {isa = PBXFileReference; fileEncoding = 4; lastKnownFileType = sourcecode.c.objc; path = main.m; sourceTree = "<group>"; };
		02B93BB30F8216B6009F44B1 /* SteamCondenser.framework */ = {isa = PBXFileReference; explicitFileType = wrapper.framework; includeInIndex = 0; path = SteamCondenser.framework; sourceTree = BUILT_PRODUCTS_DIR; };
		02B93BB40F8216B6009F44B1 /* SteamCondenser-Info.plist */ = {isa = PBXFileReference; lastKnownFileType = text.plist.xml; path = "SteamCondenser-Info.plist"; sourceTree = "<group>"; };
		02FC96AC0F5C4C2500D63238 /* SteamCondenserException.h */ = {isa = PBXFileReference; fileEncoding = 4; lastKnownFileType = sourcecode.c.h; path = SteamCondenserException.h; sourceTree = "<group>"; };
		02FC96AD0F5C4C2500D63238 /* SteamCondenserException.m */ = {isa = PBXFileReference; fileEncoding = 4; lastKnownFileType = sourcecode.c.objc; path = SteamCondenserException.m; sourceTree = "<group>"; };
		02FC97560F5C876500D63238 /* RCONExecResponse.h */ = {isa = PBXFileReference; fileEncoding = 4; lastKnownFileType = sourcecode.c.h; path = RCONExecResponse.h; sourceTree = "<group>"; };
		02FC97570F5C876500D63238 /* RCONExecResponse.m */ = {isa = PBXFileReference; fileEncoding = 4; lastKnownFileType = sourcecode.c.objc; path = RCONExecResponse.m; sourceTree = "<group>"; };
		02FF22D90F45954200EBBF5C /* RCONNoAuthException.h */ = {isa = PBXFileReference; fileEncoding = 4; lastKnownFileType = sourcecode.c.h; path = RCONNoAuthException.h; sourceTree = "<group>"; };
		02FF22DA0F45954200EBBF5C /* RCONNoAuthException.m */ = {isa = PBXFileReference; fileEncoding = 4; lastKnownFileType = sourcecode.c.objc; path = RCONNoAuthException.m; sourceTree = "<group>"; };
		02FF22DB0F45954200EBBF5C /* TimeoutException.h */ = {isa = PBXFileReference; fileEncoding = 4; lastKnownFileType = sourcecode.c.h; path = TimeoutException.h; sourceTree = "<group>"; };
		02FF22DC0F45954200EBBF5C /* TimeoutException.m */ = {isa = PBXFileReference; fileEncoding = 4; lastKnownFileType = sourcecode.c.objc; path = TimeoutException.m; sourceTree = "<group>"; };
		02FF22E00F45954200EBBF5C /* RCONAuthRequest.h */ = {isa = PBXFileReference; fileEncoding = 4; lastKnownFileType = sourcecode.c.h; path = RCONAuthRequest.h; sourceTree = "<group>"; };
		02FF22E10F45954200EBBF5C /* RCONAuthRequest.m */ = {isa = PBXFileReference; fileEncoding = 4; lastKnownFileType = sourcecode.c.objc; path = RCONAuthRequest.m; sourceTree = "<group>"; };
		02FF22E20F45954200EBBF5C /* RCONAuthResponse.h */ = {isa = PBXFileReference; fileEncoding = 4; lastKnownFileType = sourcecode.c.h; path = RCONAuthResponse.h; sourceTree = "<group>"; };
		02FF22E30F45954200EBBF5C /* RCONAuthResponse.m */ = {isa = PBXFileReference; fileEncoding = 4; lastKnownFileType = sourcecode.c.objc; path = RCONAuthResponse.m; sourceTree = "<group>"; };
		02FF22E40F45954200EBBF5C /* RCONExecRequest.h */ = {isa = PBXFileReference; fileEncoding = 4; lastKnownFileType = sourcecode.c.h; path = RCONExecRequest.h; sourceTree = "<group>"; };
		02FF22E50F45954200EBBF5C /* RCONExecRequest.m */ = {isa = PBXFileReference; fileEncoding = 4; lastKnownFileType = sourcecode.c.objc; path = RCONExecRequest.m; sourceTree = "<group>"; };
		02FF22E60F45954200EBBF5C /* RCONPacket.h */ = {isa = PBXFileReference; fileEncoding = 4; lastKnownFileType = sourcecode.c.h; path = RCONPacket.h; sourceTree = "<group>"; };
		02FF22E70F45954200EBBF5C /* RCONPacket.m */ = {isa = PBXFileReference; fileEncoding = 4; lastKnownFileType = sourcecode.c.objc; path = RCONPacket.m; sourceTree = "<group>"; };
		02FF22E80F45954200EBBF5C /* SteamPacket.h */ = {isa = PBXFileReference; fileEncoding = 4; lastKnownFileType = sourcecode.c.h; path = SteamPacket.h; sourceTree = "<group>"; };
		02FF22E90F45954200EBBF5C /* SteamPacket.m */ = {isa = PBXFileReference; fileEncoding = 4; lastKnownFileType = sourcecode.c.objc; path = SteamPacket.m; sourceTree = "<group>"; };
		02FF22EB0F45954200EBBF5C /* GameServer.h */ = {isa = PBXFileReference; fileEncoding = 4; lastKnownFileType = sourcecode.c.h; path = GameServer.h; sourceTree = "<group>"; };
		02FF22EC0F45954200EBBF5C /* GameServer.m */ = {isa = PBXFileReference; fileEncoding = 4; lastKnownFileType = sourcecode.c.objc; path = GameServer.m; sourceTree = "<group>"; };
		02FF22ED0F45954200EBBF5C /* SourceServer.h */ = {isa = PBXFileReference; fileEncoding = 4; lastKnownFileType = sourcecode.c.h; path = SourceServer.h; sourceTree = "<group>"; };
		02FF22EE0F45954200EBBF5C /* SourceServer.m */ = {isa = PBXFileReference; fileEncoding = 4; lastKnownFileType = sourcecode.c.objc; path = SourceServer.m; sourceTree = "<group>"; };
		02FF22F00F45954200EBBF5C /* RCONSocket.h */ = {isa = PBXFileReference; fileEncoding = 4; lastKnownFileType = sourcecode.c.h; path = RCONSocket.h; sourceTree = "<group>"; };
		02FF22F10F45954200EBBF5C /* RCONSocket.m */ = {isa = PBXFileReference; fileEncoding = 4; lastKnownFileType = sourcecode.c.objc; path = RCONSocket.m; sourceTree = "<group>"; usesTabs = 0; wrapsLines = 0; };
		02FF23080F45959400EBBF5C /* SteamSocket.h */ = {isa = PBXFileReference; fileEncoding = 4; lastKnownFileType = sourcecode.c.h; path = SteamSocket.h; sourceTree = "<group>"; };
		02FF23090F45959400EBBF5C /* SteamSocket.m */ = {isa = PBXFileReference; fileEncoding = 4; lastKnownFileType = sourcecode.c.objc; path = SteamSocket.m; sourceTree = "<group>"; };
		02FFC3A90F5FB45B00664334 /* SteamPacketFactory.h */ = {isa = PBXFileReference; fileEncoding = 4; lastKnownFileType = sourcecode.c.h; path = SteamPacketFactory.h; sourceTree = "<group>"; };
		02FFC3AA0F5FB45B00664334 /* SteamPacketFactory.m */ = {isa = PBXFileReference; fileEncoding = 4; lastKnownFileType = sourcecode.c.objc; path = SteamPacketFactory.m; sourceTree = "<group>"; };
		32BAE0B70371A74B00C91783 /* steam-condenser_Prefix.pch */ = {isa = PBXFileReference; fileEncoding = 4; lastKnownFileType = sourcecode.c.h; name = "steam-condenser_Prefix.pch"; path = "../steam-condenser_Prefix.pch"; sourceTree = "<group>"; };
/* End PBXFileReference section */

/* Begin PBXFrameworksBuildPhase section */
		0213F44F0F6046D4004FD223 /* Frameworks */ = {
			isa = PBXFrameworksBuildPhase;
			buildActionMask = 2147483647;
			files = (
			);
			runOnlyForDeploymentPostprocessing = 0;
		};
		02163FE10F7CADC3004BB9D6 /* Frameworks */ = {
			isa = PBXFrameworksBuildPhase;
			buildActionMask = 2147483647;
			files = (
			);
			runOnlyForDeploymentPostprocessing = 0;
		};
		027FE0B40F7BBB5300735369 /* Frameworks */ = {
			isa = PBXFrameworksBuildPhase;
			buildActionMask = 2147483647;
			files = (
				027FE19B0F7BC09700735369 /* libsteamcondenser.a in Frameworks */,
				027FE19E0F7BC0BD00735369 /* Foundation.framework in Frameworks */,
				02163FB90F7CABDE004BB9D6 /* SenTestingKit.framework in Frameworks */,
			);
			runOnlyForDeploymentPostprocessing = 0;
		};
		02B93BB10F8216B6009F44B1 /* Frameworks */ = {
			isa = PBXFrameworksBuildPhase;
			buildActionMask = 2147483647;
			files = (
			);
			runOnlyForDeploymentPostprocessing = 0;
		};
/* End PBXFrameworksBuildPhase section */

/* Begin PBXGroup section */
		023923B40F63156D00344E26 /* test */ = {
			isa = PBXGroup;
			children = (
				023923B50F63158A00344E26 /* RCONTests.h */,
				023923B60F63158A00344E26 /* RCONTests.m */,
				02ACA9FF0F7AF9EB00E7ED2A /* main.m */,
			);
			path = test;
			sourceTree = "<group>";
		};
		02FF22D70F45954200EBBF5C /* src */ = {
			isa = PBXGroup;
			children = (
				02FF22D80F45954200EBBF5C /* exceptions */,
				02FF22DD0F45954200EBBF5C /* steam */,
				029D7CE20F6458B00089F641 /* ByteBuffer.h */,
				029D7CE30F6458B00089F641 /* ByteBuffer.m */,
				024811740F4A8FFC002F8E3A /* DatagramChannel.h */,
				024811750F4A8FFC002F8E3A /* DatagramChannel.m */,
				025C963C0F5BBA51000E3E9A /* SelectableChannel.h */,
				025C963D0F5BBA51000E3E9A /* SelectableChannel.m */,
				0248117D0F4A93BC002F8E3A /* Socket.h */,
				0248117E0F4A93BC002F8E3A /* Socket.m */,
				0239251F0F633F9C00344E26 /* SocketChannel.h */,
				023925140F633F3E00344E26 /* SocketChannel.m */,
				023925150F633F3E00344E26 /* TCPSocket.h */,
				023925160F633F3E00344E26 /* TCPSocket.m */,
				32BAE0B70371A74B00C91783 /* steam-condenser_Prefix.pch */,
			);
			path = src;
			sourceTree = "<group>";
		};
		02FF22D80F45954200EBBF5C /* exceptions */ = {
			isa = PBXGroup;
			children = (
				0248104D0F494FB9002F8E3A /* BufferUnderflowException.h */,
				0248104E0F494FB9002F8E3A /* BufferUnderflowException.m */,
				02FF22D90F45954200EBBF5C /* RCONNoAuthException.h */,
				02FF22DA0F45954200EBBF5C /* RCONNoAuthException.m */,
				02FF22DB0F45954200EBBF5C /* TimeoutException.h */,
				02FF22DC0F45954200EBBF5C /* TimeoutException.m */,
				02FC96AC0F5C4C2500D63238 /* SteamCondenserException.h */,
				02FC96AD0F5C4C2500D63238 /* SteamCondenserException.m */,
				0239246F0F63264D00344E26 /* PacketFormatException.h */,
				023924700F63264D00344E26 /* PacketFormatException.m */,
			);
			path = exceptions;
			sourceTree = "<group>";
		};
		02FF22DD0F45954200EBBF5C /* steam */ = {
			isa = PBXGroup;
			children = (
				02FF22DE0F45954200EBBF5C /* packets */,
				02FF22EA0F45954200EBBF5C /* servers */,
				02FF22EF0F45954200EBBF5C /* sockets */,
			);
			path = steam;
			sourceTree = "<group>";
		};
		02FF22DE0F45954200EBBF5C /* packets */ = {
			isa = PBXGroup;
			children = (
				02FF22DF0F45954200EBBF5C /* rcon */,
				02FF22E80F45954200EBBF5C /* SteamPacket.h */,
				02FF22E90F45954200EBBF5C /* SteamPacket.m */,
				02FFC3A90F5FB45B00664334 /* SteamPacketFactory.h */,
				02FFC3AA0F5FB45B00664334 /* SteamPacketFactory.m */,
			);
			path = packets;
			sourceTree = "<group>";
		};
		02FF22DF0F45954200EBBF5C /* rcon */ = {
			isa = PBXGroup;
			children = (
				02FF22E00F45954200EBBF5C /* RCONAuthRequest.h */,
				02FF22E10F45954200EBBF5C /* RCONAuthRequest.m */,
				02FF22E20F45954200EBBF5C /* RCONAuthResponse.h */,
				02FF22E30F45954200EBBF5C /* RCONAuthResponse.m */,
				02FF22E40F45954200EBBF5C /* RCONExecRequest.h */,
				02FF22E50F45954200EBBF5C /* RCONExecRequest.m */,
				02FC97560F5C876500D63238 /* RCONExecResponse.h */,
				02FC97570F5C876500D63238 /* RCONExecResponse.m */,
				02FF22E60F45954200EBBF5C /* RCONPacket.h */,
				02FF22E70F45954200EBBF5C /* RCONPacket.m */,
				024810670F4951F0002F8E3A /* RCONPacketFactory.h */,
				024810680F4951F0002F8E3A /* RCONPacketFactory.m */,
			);
			path = rcon;
			sourceTree = "<group>";
		};
		02FF22EA0F45954200EBBF5C /* servers */ = {
			isa = PBXGroup;
			children = (
				02FF22EB0F45954200EBBF5C /* GameServer.h */,
				02FF22EC0F45954200EBBF5C /* GameServer.m */,
				02FF22ED0F45954200EBBF5C /* SourceServer.h */,
				02FF22EE0F45954200EBBF5C /* SourceServer.m */,
			);
			path = servers;
			sourceTree = "<group>";
		};
		02FF22EF0F45954200EBBF5C /* sockets */ = {
			isa = PBXGroup;
			children = (
				02FF22F00F45954200EBBF5C /* RCONSocket.h */,
				02FF22F10F45954200EBBF5C /* RCONSocket.m */,
				02FF23080F45959400EBBF5C /* SteamSocket.h */,
				02FF23090F45959400EBBF5C /* SteamSocket.m */,
			);
			path = sockets;
			sourceTree = "<group>";
		};
		034768DDFF38A45A11DB9C8B /* Products */ = {
			isa = PBXGroup;
			children = (
				0213F4510F6046D4004FD223 /* libsteamcondenser.a */,
				027FE0B60F7BBB5300735369 /* Tests */,
				02163FE30F7CADC3004BB9D6 /* steamcondenser.dylib */,
				02B93BB30F8216B6009F44B1 /* SteamCondenser.framework */,
			);
			name = Products;
			sourceTree = "<group>";
		};
		0867D691FE84028FC02AAC07 /* steam-condenser */ = {
			isa = PBXGroup;
			children = (
				023923B40F63156D00344E26 /* test */,
				02FF22D70F45954200EBBF5C /* src */,
				0867D69AFE84028FC02AAC07 /* External Frameworks and Libraries */,
				034768DDFF38A45A11DB9C8B /* Products */,
				02B93BB40F8216B6009F44B1 /* SteamCondenser-Info.plist */,
			);
			name = "steam-condenser";
			sourceTree = "<group>";
		};
		0867D69AFE84028FC02AAC07 /* External Frameworks and Libraries */ = {
			isa = PBXGroup;
			children = (
				027FDE520F7AFCFE00735369 /* Foundation.framework */,
				027FE0C20F7BBBCA00735369 /* SenTestingKit.framework */,
			);
			name = "External Frameworks and Libraries";
			sourceTree = "<group>";
		};
/* End PBXGroup section */

/* Begin PBXHeadersBuildPhase section */
		0213F44D0F6046D4004FD223 /* Headers */ = {
			isa = PBXHeadersBuildPhase;
			buildActionMask = 2147483647;
			files = (
				0213F4560F6046EF004FD223 /* SelectableChannel.h in Headers */,
				023926C60F6410DD00344E26 /* PacketFormatException.h in Headers */,
				0213F4570F6046EF004FD223 /* Socket.h in Headers */,
				0213F4580F6046EF004FD223 /* DatagramChannel.h in Headers */,
				0213F45A0F6046EF004FD223 /* SteamSocket.h in Headers */,
				0213F45B0F6046EF004FD223 /* RCONSocket.h in Headers */,
				0213F45C0F6046EF004FD223 /* SourceServer.h in Headers */,
				0213F45D0F6046EF004FD223 /* GameServer.h in Headers */,
				0213F45E0F6046EF004FD223 /* SteamPacketFactory.h in Headers */,
				0213F45F0F6046EF004FD223 /* SteamPacket.h in Headers */,
				0213F4600F6046EF004FD223 /* RCONAuthRequest.h in Headers */,
				0213F4610F6046EF004FD223 /* RCONAuthResponse.h in Headers */,
				0213F4620F6046EF004FD223 /* RCONExecResponse.h in Headers */,
				0213F4630F6046EF004FD223 /* RCONPacketFactory.h in Headers */,
				0213F4640F6046EF004FD223 /* RCONPacket.h in Headers */,
				0213F4650F6046EF004FD223 /* RCONExecRequest.h in Headers */,
				0213F4660F6046EF004FD223 /* SteamCondenserException.h in Headers */,
				0213F4670F6046EF004FD223 /* BufferUnderflowException.h in Headers */,
				0213F4680F6046EF004FD223 /* TimeoutException.h in Headers */,
				0213F4690F6046EF004FD223 /* RCONNoAuthException.h in Headers */,
				023925180F633F3E00344E26 /* TCPSocket.h in Headers */,
				023925200F633F9C00344E26 /* SocketChannel.h in Headers */,
				029D7CE40F6458B00089F641 /* ByteBuffer.h in Headers */,
				02163FE60F7CADD7004BB9D6 /* steam-condenser_Prefix.pch in Headers */,
			);
			runOnlyForDeploymentPostprocessing = 0;
		};
		02163FDF0F7CADC3004BB9D6 /* Headers */ = {
			isa = PBXHeadersBuildPhase;
			buildActionMask = 2147483647;
			files = (
				02163FE70F7CADF8004BB9D6 /* ByteBuffer.h in Headers */,
				02163FE90F7CADF9004BB9D6 /* DatagramChannel.h in Headers */,
				02163FEB0F7CADFA004BB9D6 /* SelectableChannel.h in Headers */,
				02163FED0F7CADFB004BB9D6 /* Socket.h in Headers */,
				02163FEF0F7CADFC004BB9D6 /* SocketChannel.h in Headers */,
				02163FF10F7CAE00004BB9D6 /* TCPSocket.h in Headers */,
				02163FF30F7CAE02004BB9D6 /* steam-condenser_Prefix.pch in Headers */,
				02163FF40F7CAE06004BB9D6 /* BufferUnderflowException.h in Headers */,
				02163FF60F7CAE07004BB9D6 /* RCONNoAuthException.h in Headers */,
				02163FF80F7CAE08004BB9D6 /* TimeoutException.h in Headers */,
				02163FFA0F7CAE09004BB9D6 /* SteamCondenserException.h in Headers */,
				02163FFC0F7CAE0D004BB9D6 /* PacketFormatException.h in Headers */,
				021640000F7CAE19004BB9D6 /* SteamPacket.h in Headers */,
				021640020F7CAE1A004BB9D6 /* SteamPacketFactory.h in Headers */,
				021640040F7CAE1D004BB9D6 /* RCONAuthRequest.h in Headers */,
				021640060F7CAE1E004BB9D6 /* RCONAuthResponse.h in Headers */,
				021640080F7CAE1F004BB9D6 /* RCONExecRequest.h in Headers */,
				0216400A0F7CAE20004BB9D6 /* RCONExecResponse.h in Headers */,
				0216400C0F7CAE21004BB9D6 /* RCONPacket.h in Headers */,
				0216400E0F7CAE22004BB9D6 /* RCONPacketFactory.h in Headers */,
				021640100F7CAE28004BB9D6 /* GameServer.h in Headers */,
				021640120F7CAE29004BB9D6 /* SourceServer.h in Headers */,
				021640140F7CAE2C004BB9D6 /* RCONSocket.h in Headers */,
				021640160F7CAE2E004BB9D6 /* SteamSocket.h in Headers */,
			);
			runOnlyForDeploymentPostprocessing = 0;
		};
		02B93BAE0F8216B6009F44B1 /* Headers */ = {
			isa = PBXHeadersBuildPhase;
			buildActionMask = 2147483647;
			files = (
				02B93BC70F821700009F44B1 /* ByteBuffer.h in Headers */,
				02B93BC90F82172C009F44B1 /* DatagramChannel.h in Headers */,
				02B93BCA0F82172F009F44B1 /* SelectableChannel.h in Headers */,
				02B93BCB0F821731009F44B1 /* Socket.h in Headers */,
				02B93BCC0F821732009F44B1 /* SocketChannel.h in Headers */,
				02B93BCD0F821733009F44B1 /* TCPSocket.h in Headers */,
				02B93BCE0F821737009F44B1 /* BufferUnderflowException.h in Headers */,
				02B93BCF0F821738009F44B1 /* RCONNoAuthException.h in Headers */,
				02B93BD00F821738009F44B1 /* TimeoutException.h in Headers */,
				02B93BD10F821739009F44B1 /* SteamCondenserException.h in Headers */,
				02B93BD30F82173B009F44B1 /* PacketFormatException.h in Headers */,
				02B93BD40F82173F009F44B1 /* SteamPacket.h in Headers */,
				02B93BD50F821740009F44B1 /* SteamPacketFactory.h in Headers */,
				02B93BD60F821742009F44B1 /* RCONAuthRequest.h in Headers */,
				02B93BD70F821743009F44B1 /* RCONAuthResponse.h in Headers */,
				02B93BD80F821743009F44B1 /* RCONExecRequest.h in Headers */,
				02B93BD90F821744009F44B1 /* RCONExecResponse.h in Headers */,
				02B93BDA0F821745009F44B1 /* RCONPacket.h in Headers */,
				02B93BDB0F821746009F44B1 /* RCONPacketFactory.h in Headers */,
				02B93BDC0F82174A009F44B1 /* GameServer.h in Headers */,
				02B93BDF0F82174D009F44B1 /* SourceServer.h in Headers */,
				02B93BE00F821752009F44B1 /* RCONSocket.h in Headers */,
				02B93BE10F821752009F44B1 /* SteamSocket.h in Headers */,
				02B93C420F821B7A009F44B1 /* steam-condenser_Prefix.pch in Headers */,
			);
			runOnlyForDeploymentPostprocessing = 0;
		};
/* End PBXHeadersBuildPhase section */

/* Begin PBXNativeTarget section */
		0213F4500F6046D4004FD223 /* libsteamcondenser.a */ = {
			isa = PBXNativeTarget;
			buildConfigurationList = 0213F46A0F604712004FD223 /* Build configuration list for PBXNativeTarget "libsteamcondenser.a" */;
			buildPhases = (
				0213F44D0F6046D4004FD223 /* Headers */,
				0213F44E0F6046D4004FD223 /* Sources */,
				0213F44F0F6046D4004FD223 /* Frameworks */,
			);
			buildRules = (
			);
			dependencies = (
			);
			name = libsteamcondenser.a;
			productName = steamcondenser;
			productReference = 0213F4510F6046D4004FD223 /* libsteamcondenser.a */;
			productType = "com.apple.product-type.library.static";
		};
		02163FE20F7CADC3004BB9D6 /* steamcondenser.dylib */ = {
			isa = PBXNativeTarget;
			buildConfigurationList = 021640220F7CAE41004BB9D6 /* Build configuration list for PBXNativeTarget "steamcondenser.dylib" */;
			buildPhases = (
				02163FDF0F7CADC3004BB9D6 /* Headers */,
				02163FE00F7CADC3004BB9D6 /* Sources */,
				02163FE10F7CADC3004BB9D6 /* Frameworks */,
			);
			buildRules = (
			);
			dependencies = (
			);
			name = steamcondenser.dylib;
			productName = steamcondenser.dylib;
			productReference = 02163FE30F7CADC3004BB9D6 /* steamcondenser.dylib */;
			productType = "com.apple.product-type.library.dynamic";
		};
		027FE0B50F7BBB5300735369 /* Tests */ = {
			isa = PBXNativeTarget;
			buildConfigurationList = 027FE0C10F7BBB6E00735369 /* Build configuration list for PBXNativeTarget "Tests" */;
			buildPhases = (
				027FE0B30F7BBB5300735369 /* Sources */,
				027FE0B40F7BBB5300735369 /* Frameworks */,
			);
			buildRules = (
			);
			dependencies = (
				027FE0CE0F7BBC4F00735369 /* PBXTargetDependency */,
			);
			name = Tests;
			productName = Test;
			productReference = 027FE0B60F7BBB5300735369 /* Tests */;
			productType = "com.apple.product-type.tool";
		};
		02B93BB20F8216B6009F44B1 /* SteamCondenser */ = {
			isa = PBXNativeTarget;
			buildConfigurationList = 02B93BB80F8216B7009F44B1 /* Build configuration list for PBXNativeTarget "SteamCondenser" */;
			buildPhases = (
				02B93BAE0F8216B6009F44B1 /* Headers */,
				02B93BAF0F8216B6009F44B1 /* Resources */,
				02B93BB00F8216B6009F44B1 /* Sources */,
				02B93BB10F8216B6009F44B1 /* Frameworks */,
			);
			buildRules = (
			);
			dependencies = (
				02B93BBA0F8216C1009F44B1 /* PBXTargetDependency */,
			);
			name = SteamCondenser;
			productName = SteamCondenser;
			productReference = 02B93BB30F8216B6009F44B1 /* SteamCondenser.framework */;
			productType = "com.apple.product-type.framework";
		};
/* End PBXNativeTarget section */

/* Begin PBXProject section */
		0867D690FE84028FC02AAC07 /* Project object */ = {
			isa = PBXProject;
			attributes = {
				BuildIndependentTargetsInParallel = YES;
			};
			buildConfigurationList = 1DEB916408733D950010E9CD /* Build configuration list for PBXProject "steam-condenser" */;
			compatibilityVersion = "Xcode 3.1";
			hasScannedForEncodings = 1;
			mainGroup = 0867D691FE84028FC02AAC07 /* steam-condenser */;
			productRefGroup = 034768DDFF38A45A11DB9C8B /* Products */;
			projectDirPath = "";
			projectRoot = "";
			targets = (
				0213F4500F6046D4004FD223 /* libsteamcondenser.a */,
				027FE0B50F7BBB5300735369 /* Tests */,
				02163FE20F7CADC3004BB9D6 /* steamcondenser.dylib */,
				02B93BB20F8216B6009F44B1 /* SteamCondenser */,
			);
		};
/* End PBXProject section */

/* Begin PBXResourcesBuildPhase section */
		02B93BAF0F8216B6009F44B1 /* Resources */ = {
			isa = PBXResourcesBuildPhase;
			buildActionMask = 2147483647;
			files = (
				02B93BBC0F8216D3009F44B1 /* libsteamcondenser.a in Resources */,
			);
			runOnlyForDeploymentPostprocessing = 0;
		};
/* End PBXResourcesBuildPhase section */

/* Begin PBXSourcesBuildPhase section */
		0213F44E0F6046D4004FD223 /* Sources */ = {
			isa = PBXSourcesBuildPhase;
			buildActionMask = 2147483647;
			files = (
				0213F46B0F604712004FD223 /* BufferUnderflowException.m in Sources */,
				0213F4720F60471B004FD223 /* RCONNoAuthException.m in Sources */,
				0213F47D0F60472A004FD223 /* TimeoutException.m in Sources */,
				0213F47B0F604726004FD223 /* SteamCondenserException.m in Sources */,
				023926C50F6410C900344E26 /* PacketFormatException.m in Sources */,
				0213F46D0F604714004FD223 /* DatagramChannel.m in Sources */,
				0213F46E0F604716004FD223 /* RCONAuthRequest.m in Sources */,
				0213F46F0F604718004FD223 /* GameServer.m in Sources */,
				0213F4700F604719004FD223 /* RCONAuthResponse.m in Sources */,
				0213F4710F604719004FD223 /* RCONExecRequest.m in Sources */,
				0213F4730F60471C004FD223 /* RCONExecResponse.m in Sources */,
				0213F4740F60471C004FD223 /* RCONPacket.m in Sources */,
				0213F4750F60471E004FD223 /* RCONPacketFactory.m in Sources */,
				0213F4760F604720004FD223 /* RCONSocket.m in Sources */,
				0213F4770F604721004FD223 /* SelectableChannel.m in Sources */,
				0213F4780F604722004FD223 /* Socket.m in Sources */,
				0213F4790F604723004FD223 /* SourceServer.m in Sources */,
				0213F47A0F604724004FD223 /* SteamPacket.m in Sources */,
				0213F47C0F604728004FD223 /* SteamSocket.m in Sources */,
				0213F47E0F60472B004FD223 /* SteamPacketFactory.m in Sources */,
				023925170F633F3E00344E26 /* SocketChannel.m in Sources */,
				023925190F633F3E00344E26 /* TCPSocket.m in Sources */,
				029D7CE50F6458B00089F641 /* ByteBuffer.m in Sources */,
			);
			runOnlyForDeploymentPostprocessing = 0;
		};
		02163FE00F7CADC3004BB9D6 /* Sources */ = {
			isa = PBXSourcesBuildPhase;
			buildActionMask = 2147483647;
			files = (
				02163FE80F7CADF8004BB9D6 /* ByteBuffer.m in Sources */,
				02163FEA0F7CADF9004BB9D6 /* DatagramChannel.m in Sources */,
				02163FEC0F7CADFA004BB9D6 /* SelectableChannel.m in Sources */,
				02163FEE0F7CADFB004BB9D6 /* Socket.m in Sources */,
				02163FF00F7CAE00004BB9D6 /* SocketChannel.m in Sources */,
				02163FF20F7CAE01004BB9D6 /* TCPSocket.m in Sources */,
				02163FF50F7CAE07004BB9D6 /* BufferUnderflowException.m in Sources */,
				02163FF70F7CAE08004BB9D6 /* RCONNoAuthException.m in Sources */,
				02163FF90F7CAE09004BB9D6 /* TimeoutException.m in Sources */,
				02163FFE0F7CAE0F004BB9D6 /* SteamCondenserException.m in Sources */,
				02163FFF0F7CAE10004BB9D6 /* PacketFormatException.m in Sources */,
				021640010F7CAE1A004BB9D6 /* SteamPacket.m in Sources */,
				021640030F7CAE1B004BB9D6 /* SteamPacketFactory.m in Sources */,
				021640050F7CAE1E004BB9D6 /* RCONAuthRequest.m in Sources */,
				021640070F7CAE1F004BB9D6 /* RCONAuthResponse.m in Sources */,
				021640090F7CAE20004BB9D6 /* RCONExecRequest.m in Sources */,
				0216400B0F7CAE21004BB9D6 /* RCONExecResponse.m in Sources */,
				0216400D0F7CAE22004BB9D6 /* RCONPacket.m in Sources */,
				0216400F0F7CAE23004BB9D6 /* RCONPacketFactory.m in Sources */,
				021640110F7CAE29004BB9D6 /* GameServer.m in Sources */,
				021640130F7CAE2A004BB9D6 /* SourceServer.m in Sources */,
				021640150F7CAE2D004BB9D6 /* RCONSocket.m in Sources */,
				021640170F7CAE2E004BB9D6 /* SteamSocket.m in Sources */,
			);
			runOnlyForDeploymentPostprocessing = 0;
		};
		027FE0B30F7BBB5300735369 /* Sources */ = {
			isa = PBXSourcesBuildPhase;
			buildActionMask = 2147483647;
			files = (
				027FE0BC0F7BBB6600735369 /* main.m in Sources */,
				027FE1C00F7BC26800735369 /* RCONTests.m in Sources */,
			);
			runOnlyForDeploymentPostprocessing = 0;
		};
		02B93BB00F8216B6009F44B1 /* Sources */ = {
			isa = PBXSourcesBuildPhase;
			buildActionMask = 2147483647;
			files = (
			);
			runOnlyForDeploymentPostprocessing = 0;
		};
/* End PBXSourcesBuildPhase section */

/* Begin PBXTargetDependency section */
		027FE0CE0F7BBC4F00735369 /* PBXTargetDependency */ = {
			isa = PBXTargetDependency;
			target = 0213F4500F6046D4004FD223 /* libsteamcondenser.a */;
			targetProxy = 027FE0CD0F7BBC4F00735369 /* PBXContainerItemProxy */;
		};
		02B93BBA0F8216C1009F44B1 /* PBXTargetDependency */ = {
			isa = PBXTargetDependency;
			target = 0213F4500F6046D4004FD223 /* libsteamcondenser.a */;
			targetProxy = 02B93BB90F8216C1009F44B1 /* PBXContainerItemProxy */;
		};
/* End PBXTargetDependency section */

/* Begin XCBuildConfiguration section */
		0213F4520F6046D5004FD223 /* Debug */ = {
			isa = XCBuildConfiguration;
			buildSettings = {
				ALWAYS_SEARCH_USER_PATHS = NO;
				COPY_PHASE_STRIP = NO;
				EXECUTABLE_PREFIX = lib;
				GCC_DYNAMIC_NO_PIC = NO;
				GCC_ENABLE_FIX_AND_CONTINUE = YES;
				GCC_MODEL_TUNING = G5;
				GCC_OPTIMIZATION_LEVEL = 0;
				GCC_PRECOMPILE_PREFIX_HEADER = YES;
				GCC_PREFIX_HEADER = "$(SYSTEM_LIBRARY_DIR)/Frameworks/AppKit.framework/Headers/AppKit.h";
				INSTALL_PATH = /usr/local/lib;
				OTHER_LDFLAGS = (
					"-framework",
					Foundation,
					"-framework",
					AppKit,
				);
				PREBINDING = NO;
				PRODUCT_NAME = steamcondenser;
			};
			name = Debug;
		};
		0213F4530F6046D5004FD223 /* Release */ = {
			isa = XCBuildConfiguration;
			buildSettings = {
				ALWAYS_SEARCH_USER_PATHS = NO;
				COPY_PHASE_STRIP = YES;
				DEBUG_INFORMATION_FORMAT = "dwarf-with-dsym";
				EXECUTABLE_PREFIX = lib;
				GCC_ENABLE_FIX_AND_CONTINUE = NO;
				GCC_MODEL_TUNING = G5;
				GCC_PRECOMPILE_PREFIX_HEADER = YES;
				GCC_PREFIX_HEADER = "$(SYSTEM_LIBRARY_DIR)/Frameworks/AppKit.framework/Headers/AppKit.h";
				INSTALL_PATH = /usr/local/lib;
				OTHER_LDFLAGS = (
					"-framework",
					Foundation,
					"-framework",
					AppKit,
				);
				PREBINDING = NO;
				PRODUCT_NAME = steamcondenser;
				ZERO_LINK = NO;
			};
			name = Release;
		};
		02163FE40F7CADC4004BB9D6 /* Debug */ = {
			isa = XCBuildConfiguration;
			buildSettings = {
				ALWAYS_SEARCH_USER_PATHS = NO;
				COPY_PHASE_STRIP = NO;
				DYLIB_COMPATIBILITY_VERSION = 1;
				DYLIB_CURRENT_VERSION = 1;
				GCC_DYNAMIC_NO_PIC = NO;
				GCC_ENABLE_FIX_AND_CONTINUE = YES;
				GCC_MODEL_TUNING = G5;
				GCC_OPTIMIZATION_LEVEL = 0;
				GCC_PRECOMPILE_PREFIX_HEADER = YES;
				GCC_PREFIX_HEADER = "$(SYSTEM_LIBRARY_DIR)/Frameworks/AppKit.framework/Headers/AppKit.h";
				INSTALL_PATH = /usr/local/lib;
				OTHER_LDFLAGS = (
					"-framework",
					Foundation,
					"-framework",
					AppKit,
				);
				PREBINDING = NO;
				PRODUCT_NAME = steamcondenser;
			};
			name = Debug;
		};
		02163FE50F7CADC4004BB9D6 /* Release */ = {
			isa = XCBuildConfiguration;
			buildSettings = {
				ALWAYS_SEARCH_USER_PATHS = NO;
				COPY_PHASE_STRIP = YES;
				DEBUG_INFORMATION_FORMAT = "dwarf-with-dsym";
				DYLIB_COMPATIBILITY_VERSION = 1;
				DYLIB_CURRENT_VERSION = 1;
				GCC_ENABLE_FIX_AND_CONTINUE = NO;
				GCC_MODEL_TUNING = G5;
				GCC_PRECOMPILE_PREFIX_HEADER = YES;
				GCC_PREFIX_HEADER = "$(SYSTEM_LIBRARY_DIR)/Frameworks/AppKit.framework/Headers/AppKit.h";
				INSTALL_PATH = /usr/local/lib;
				OTHER_LDFLAGS = (
					"-framework",
					Foundation,
					"-framework",
					AppKit,
				);
				PREBINDING = NO;
				PRODUCT_NAME = steamcondenser;
				ZERO_LINK = NO;
			};
			name = Release;
		};
		027FE0B80F7BBB5300735369 /* Debug */ = {
			isa = XCBuildConfiguration;
			buildSettings = {
				ALWAYS_SEARCH_USER_PATHS = NO;
				COPY_PHASE_STRIP = NO;
				DYLD_FALLBACK_FRAMEWORK_PATH = /Developer/Library/Framework;
				FRAMEWORK_SEARCH_PATHS = (
					"$(inherited)",
					"\"$(DEVELOPER_FRAMEWORKS_DIR)\"",
				);
				GCC_DYNAMIC_NO_PIC = NO;
				GCC_ENABLE_FIX_AND_CONTINUE = YES;
				GCC_MODEL_TUNING = G5;
				GCC_OPTIMIZATION_LEVEL = 0;
				GCC_PRECOMPILE_PREFIX_HEADER = YES;
				INSTALL_PATH = /usr/local/bin;
				MACH_O_TYPE = mh_execute;
				PREBINDING = NO;
				PRODUCT_NAME = Tests;
				STANDARD_C_PLUS_PLUS_LIBRARY_TYPE = dynamic;
			};
			name = Debug;
		};
		027FE0B90F7BBB5300735369 /* Release */ = {
			isa = XCBuildConfiguration;
			buildSettings = {
				ALWAYS_SEARCH_USER_PATHS = NO;
				COPY_PHASE_STRIP = YES;
				DEBUG_INFORMATION_FORMAT = "dwarf-with-dsym";
				DYLD_FALLBACK_FRAMEWORK_PATH = /Developer/Library/Framework;
				FRAMEWORK_SEARCH_PATHS = (
					"$(inherited)",
					"\"$(DEVELOPER_FRAMEWORKS_DIR)\"",
				);
				GCC_ENABLE_FIX_AND_CONTINUE = NO;
				GCC_MODEL_TUNING = G5;
				GCC_PRECOMPILE_PREFIX_HEADER = YES;
				INSTALL_PATH = /usr/local/bin;
				MACH_O_TYPE = mh_execute;
				PREBINDING = NO;
				PRODUCT_NAME = Tests;
				ZERO_LINK = NO;
			};
			name = Release;
		};
		02B93BB60F8216B6009F44B1 /* Debug */ = {
			isa = XCBuildConfiguration;
			buildSettings = {
				ALWAYS_SEARCH_USER_PATHS = NO;
				COPY_PHASE_STRIP = NO;
				DYLIB_COMPATIBILITY_VERSION = 1;
				DYLIB_CURRENT_VERSION = 1;
				FRAMEWORK_VERSION = A;
				GCC_DYNAMIC_NO_PIC = NO;
				GCC_ENABLE_FIX_AND_CONTINUE = YES;
				GCC_MODEL_TUNING = G5;
				GCC_OPTIMIZATION_LEVEL = 0;
				GCC_PRECOMPILE_PREFIX_HEADER = YES;
				GCC_PREFIX_HEADER = "$(SYSTEM_LIBRARY_DIR)/Frameworks/AppKit.framework/Headers/AppKit.h";
				INFOPLIST_FILE = "SteamCondenser-Info.plist";
				INSTALL_PATH = "$(HOME)/Library/Frameworks";
				OTHER_LDFLAGS = (
					"-framework",
					Foundation,
					"-framework",
					AppKit,
				);
				PREBINDING = NO;
				PRODUCT_NAME = SteamCondenser;
			};
			name = Debug;
		};
		02B93BB70F8216B6009F44B1 /* Release */ = {
			isa = XCBuildConfiguration;
			buildSettings = {
				ALWAYS_SEARCH_USER_PATHS = NO;
				COPY_PHASE_STRIP = YES;
				DEBUG_INFORMATION_FORMAT = "dwarf-with-dsym";
				DYLIB_COMPATIBILITY_VERSION = 1;
				DYLIB_CURRENT_VERSION = 1;
				FRAMEWORK_VERSION = A;
				GCC_ENABLE_FIX_AND_CONTINUE = NO;
				GCC_MODEL_TUNING = G5;
				GCC_PRECOMPILE_PREFIX_HEADER = YES;
				GCC_PREFIX_HEADER = "$(SYSTEM_LIBRARY_DIR)/Frameworks/AppKit.framework/Headers/AppKit.h";
				INFOPLIST_FILE = "SteamCondenser-Info.plist";
				INSTALL_PATH = "$(HOME)/Library/Frameworks";
				OTHER_LDFLAGS = (
					"-framework",
					Foundation,
					"-framework",
					AppKit,
				);
				PREBINDING = NO;
				PRODUCT_NAME = SteamCondenser;
				ZERO_LINK = NO;
			};
			name = Release;
		};
		1DEB916508733D950010E9CD /* Debug */ = {
			isa = XCBuildConfiguration;
			buildSettings = {
				ARCHS = "$(ARCHS_STANDARD_32_BIT)";
				GCC_C_LANGUAGE_STANDARD = c99;
				GCC_OPTIMIZATION_LEVEL = 0;
				GCC_TREAT_IMPLICIT_FUNCTION_DECLARATIONS_AS_ERRORS = YES;
				GCC_TREAT_WARNINGS_AS_ERRORS = NO;
				GCC_WARN_ABOUT_RETURN_TYPE = YES;
				GCC_WARN_UNUSED_VARIABLE = YES;
				LD_DYLIB_INSTALL_NAME = "steam-condenser";
				MACH_O_TYPE = mh_dylib;
				ONLY_ACTIVE_ARCH = YES;
				PREBINDING = NO;
				SDKROOT = macosx10.5;
				STANDARD_C_PLUS_PLUS_LIBRARY_TYPE = static;
			};
			name = Debug;
		};
		1DEB916608733D950010E9CD /* Release */ = {
			isa = XCBuildConfiguration;
			buildSettings = {
				ARCHS = "$(ARCHS_STANDARD_32_BIT)";
				GCC_C_LANGUAGE_STANDARD = c99;
				GCC_TREAT_IMPLICIT_FUNCTION_DECLARATIONS_AS_ERRORS = YES;
				GCC_TREAT_WARNINGS_AS_ERRORS = NO;
				GCC_WARN_ABOUT_RETURN_TYPE = YES;
				GCC_WARN_UNUSED_VARIABLE = YES;
				LD_DYLIB_INSTALL_NAME = "steam-condenser";
				PREBINDING = NO;
				SDKROOT = macosx10.5;
				STANDARD_C_PLUS_PLUS_LIBRARY_TYPE = static;
			};
			name = Release;
		};
/* End XCBuildConfiguration section */

/* Begin XCConfigurationList section */
		0213F46A0F604712004FD223 /* Build configuration list for PBXNativeTarget "libsteamcondenser.a" */ = {
			isa = XCConfigurationList;
			buildConfigurations = (
				0213F4520F6046D5004FD223 /* Debug */,
				0213F4530F6046D5004FD223 /* Release */,
			);
			defaultConfigurationIsVisible = 0;
			defaultConfigurationName = Release;
		};
		021640220F7CAE41004BB9D6 /* Build configuration list for PBXNativeTarget "steamcondenser.dylib" */ = {
			isa = XCConfigurationList;
			buildConfigurations = (
				02163FE40F7CADC4004BB9D6 /* Debug */,
				02163FE50F7CADC4004BB9D6 /* Release */,
			);
			defaultConfigurationIsVisible = 0;
			defaultConfigurationName = Release;
		};
		027FE0C10F7BBB6E00735369 /* Build configuration list for PBXNativeTarget "Tests" */ = {
			isa = XCConfigurationList;
			buildConfigurations = (
				027FE0B80F7BBB5300735369 /* Debug */,
				027FE0B90F7BBB5300735369 /* Release */,
			);
			defaultConfigurationIsVisible = 0;
			defaultConfigurationName = Release;
		};
		02B93BB80F8216B7009F44B1 /* Build configuration list for PBXNativeTarget "SteamCondenser" */ = {
			isa = XCConfigurationList;
			buildConfigurations = (
				02B93BB60F8216B6009F44B1 /* Debug */,
				02B93BB70F8216B6009F44B1 /* Release */,
			);
			defaultConfigurationIsVisible = 0;
			defaultConfigurationName = Release;
		};
		1DEB916408733D950010E9CD /* Build configuration list for PBXProject "steam-condenser" */ = {
			isa = XCConfigurationList;
			buildConfigurations = (
				1DEB916508733D950010E9CD /* Debug */,
				1DEB916608733D950010E9CD /* Release */,
			);
			defaultConfigurationIsVisible = 0;
			defaultConfigurationName = Release;
		};
/* End XCConfigurationList section */
	};
	rootObject = 0867D690FE84028FC02AAC07 /* Project object */;
}
